// !$*UTF8*$!
{
	archiveVersion = 1;
	classes = {
	};
	objectVersion = 50;
	objects = {

/* Begin PBXBuildFile section */
		3C7200B3243AAF93009B3D7D /* AppState.swift in Sources */ = {isa = PBXBuildFile; fileRef = 3C7200B2243AAF93009B3D7D /* AppState.swift */; };
		3C9BD15424513ED500A90283 /* CodeScanner.swift in Sources */ = {isa = PBXBuildFile; fileRef = 3C9BD15324513ED400A90283 /* CodeScanner.swift */; };
		3C9BD15624513F7100A90283 /* SyncView.swift in Sources */ = {isa = PBXBuildFile; fileRef = 3C9BD15524513F7100A90283 /* SyncView.swift */; };
		3CABE32B2443D459004BEB8F /* TxtDetailView.swift in Sources */ = {isa = PBXBuildFile; fileRef = 3CABE32A2443D459004BEB8F /* TxtDetailView.swift */; };
		3CB94AFE245258E900273476 /* CreateView.swift in Sources */ = {isa = PBXBuildFile; fileRef = 3CB94AFD245258E900273476 /* CreateView.swift */; };
		3CD80BF923D7B34F007182F7 /* RustFastxt.swift in Sources */ = {isa = PBXBuildFile; fileRef = 3CD80BF823D7B34F007182F7 /* RustFastxt.swift */; };
		3CD80BFA23D7B34F007182F7 /* RustFastxt.swift in Sources */ = {isa = PBXBuildFile; fileRef = 3CD80BF823D7B34F007182F7 /* RustFastxt.swift */; };
		3CD80BFB23D7B34F007182F7 /* RustFastxt.swift in Sources */ = {isa = PBXBuildFile; fileRef = 3CD80BF823D7B34F007182F7 /* RustFastxt.swift */; };
		3CD80C0023D7B9C2007182F7 /* libfastxt_core.a in Frameworks */ = {isa = PBXBuildFile; fileRef = 3CD80BFE23D7B630007182F7 /* libfastxt_core.a */; };
		3CD80C0123D7B9D0007182F7 /* libresolv.tbd in Frameworks */ = {isa = PBXBuildFile; fileRef = 3CD80BFF23D7B66A007182F7 /* libresolv.tbd */; };
		3CED13ED238372810097A12B /* AppDelegate.swift in Sources */ = {isa = PBXBuildFile; fileRef = 3CED13EC238372810097A12B /* AppDelegate.swift */; };
		3CED13EF238372810097A12B /* SceneDelegate.swift in Sources */ = {isa = PBXBuildFile; fileRef = 3CED13EE238372810097A12B /* SceneDelegate.swift */; };
		3CED13F1238372810097A12B /* ContentView.swift in Sources */ = {isa = PBXBuildFile; fileRef = 3CED13F0238372810097A12B /* ContentView.swift */; };
		3CED13F3238372860097A12B /* Assets.xcassets in Resources */ = {isa = PBXBuildFile; fileRef = 3CED13F2238372860097A12B /* Assets.xcassets */; };
		3CED13F6238372860097A12B /* Preview Assets.xcassets in Resources */ = {isa = PBXBuildFile; fileRef = 3CED13F5238372860097A12B /* Preview Assets.xcassets */; };
		3CED13F9238372860097A12B /* LaunchScreen.storyboard in Resources */ = {isa = PBXBuildFile; fileRef = 3CED13F7238372860097A12B /* LaunchScreen.storyboard */; };
		3CED1404238372870097A12B /* FastxtTests.swift in Sources */ = {isa = PBXBuildFile; fileRef = 3CED1403238372870097A12B /* FastxtTests.swift */; };
		3CED140F238372870097A12B /* FastxtUITests.swift in Sources */ = {isa = PBXBuildFile; fileRef = 3CED140E238372870097A12B /* FastxtUITests.swift */; };
		3CEED0A32457D9EF0015A578 /* ServerView.swift in Sources */ = {isa = PBXBuildFile; fileRef = 3CEED0A22457D9EF0015A578 /* ServerView.swift */; };
		3CEED0A52457DA4D0015A578 /* QRCodeView.swift in Sources */ = {isa = PBXBuildFile; fileRef = 3CEED0A42457DA4D0015A578 /* QRCodeView.swift */; };
		3CEED0A72457DABE0015A578 /* ClientView.swift in Sources */ = {isa = PBXBuildFile; fileRef = 3CEED0A62457DABD0015A578 /* ClientView.swift */; };
		3CEF504424318E0C00D77C63 /* TxtRowView.swift in Sources */ = {isa = PBXBuildFile; fileRef = 3CEF504324318E0C00D77C63 /* TxtRowView.swift */; };
/* End PBXBuildFile section */

/* Begin PBXContainerItemProxy section */
		3CED1400238372870097A12B /* PBXContainerItemProxy */ = {
			isa = PBXContainerItemProxy;
			containerPortal = 3CED13E1238372810097A12B /* Project object */;
			proxyType = 1;
			remoteGlobalIDString = 3CED13E8238372810097A12B;
			remoteInfo = Fastxt;
		};
		3CED140B238372870097A12B /* PBXContainerItemProxy */ = {
			isa = PBXContainerItemProxy;
			containerPortal = 3CED13E1238372810097A12B /* Project object */;
			proxyType = 1;
			remoteGlobalIDString = 3CED13E8238372810097A12B;
			remoteInfo = Fastxt;
		};
/* End PBXContainerItemProxy section */

/* Begin PBXFileReference section */
		3C7200B2243AAF93009B3D7D /* AppState.swift */ = {isa = PBXFileReference; fileEncoding = 4; lastKnownFileType = sourcecode.swift; path = AppState.swift; sourceTree = "<group>"; };
		3C9BD15324513ED400A90283 /* CodeScanner.swift */ = {isa = PBXFileReference; fileEncoding = 4; lastKnownFileType = sourcecode.swift; path = CodeScanner.swift; sourceTree = "<group>"; };
		3C9BD15524513F7100A90283 /* SyncView.swift */ = {isa = PBXFileReference; lastKnownFileType = sourcecode.swift; path = SyncView.swift; sourceTree = "<group>"; };
		3CABE32A2443D459004BEB8F /* TxtDetailView.swift */ = {isa = PBXFileReference; lastKnownFileType = sourcecode.swift; path = TxtDetailView.swift; sourceTree = "<group>"; };
		3CB94AFD245258E900273476 /* CreateView.swift */ = {isa = PBXFileReference; lastKnownFileType = sourcecode.swift; path = CreateView.swift; sourceTree = "<group>"; };
		3CD80BF723D7B308007182F7 /* fastxt-core.h */ = {isa = PBXFileReference; fileEncoding = 4; lastKnownFileType = sourcecode.c.h; name = "fastxt-core.h"; path = "../fastxt-rs/fastxt_core/src/fastxt-core.h"; sourceTree = "<group>"; };
		3CD80BF823D7B34F007182F7 /* RustFastxt.swift */ = {isa = PBXFileReference; lastKnownFileType = sourcecode.swift; path = RustFastxt.swift; sourceTree = "<group>"; };
		3CD80BFC23D7B3F8007182F7 /* Fastxt-Bridging-Header.h */ = {isa = PBXFileReference; lastKnownFileType = sourcecode.c.h; path = "Fastxt-Bridging-Header.h"; sourceTree = "<group>"; };
		3CD80BFE23D7B630007182F7 /* libfastxt_core.a */ = {isa = PBXFileReference; lastKnownFileType = archive.ar; name = libfastxt_core.a; path = "../fastxt-rs/target/universal/release/libfastxt_core.a"; sourceTree = "<group>"; };
		3CD80BFF23D7B66A007182F7 /* libresolv.tbd */ = {isa = PBXFileReference; lastKnownFileType = "sourcecode.text-based-dylib-definition"; name = libresolv.tbd; path = usr/lib/libresolv.tbd; sourceTree = SDKROOT; };
		3CED13E9238372810097A12B /* Fastxt.app */ = {isa = PBXFileReference; explicitFileType = wrapper.application; includeInIndex = 0; path = Fastxt.app; sourceTree = BUILT_PRODUCTS_DIR; };
		3CED13EC238372810097A12B /* AppDelegate.swift */ = {isa = PBXFileReference; lastKnownFileType = sourcecode.swift; path = AppDelegate.swift; sourceTree = "<group>"; };
		3CED13EE238372810097A12B /* SceneDelegate.swift */ = {isa = PBXFileReference; lastKnownFileType = sourcecode.swift; path = SceneDelegate.swift; sourceTree = "<group>"; };
		3CED13F0238372810097A12B /* ContentView.swift */ = {isa = PBXFileReference; lastKnownFileType = sourcecode.swift; path = ContentView.swift; sourceTree = "<group>"; };
		3CED13F2238372860097A12B /* Assets.xcassets */ = {isa = PBXFileReference; lastKnownFileType = folder.assetcatalog; path = Assets.xcassets; sourceTree = "<group>"; };
		3CED13F5238372860097A12B /* Preview Assets.xcassets */ = {isa = PBXFileReference; lastKnownFileType = folder.assetcatalog; path = "Preview Assets.xcassets"; sourceTree = "<group>"; };
		3CED13F8238372860097A12B /* Base */ = {isa = PBXFileReference; lastKnownFileType = file.storyboard; name = Base; path = Base.lproj/LaunchScreen.storyboard; sourceTree = "<group>"; };
		3CED13FA238372860097A12B /* Info.plist */ = {isa = PBXFileReference; lastKnownFileType = text.plist.xml; path = Info.plist; sourceTree = "<group>"; };
		3CED13FF238372870097A12B /* FastxtTests.xctest */ = {isa = PBXFileReference; explicitFileType = wrapper.cfbundle; includeInIndex = 0; path = FastxtTests.xctest; sourceTree = BUILT_PRODUCTS_DIR; };
		3CED1403238372870097A12B /* FastxtTests.swift */ = {isa = PBXFileReference; lastKnownFileType = sourcecode.swift; path = FastxtTests.swift; sourceTree = "<group>"; };
		3CED1405238372870097A12B /* Info.plist */ = {isa = PBXFileReference; lastKnownFileType = text.plist.xml; path = Info.plist; sourceTree = "<group>"; };
		3CED140A238372870097A12B /* FastxtUITests.xctest */ = {isa = PBXFileReference; explicitFileType = wrapper.cfbundle; includeInIndex = 0; path = FastxtUITests.xctest; sourceTree = BUILT_PRODUCTS_DIR; };
		3CED140E238372870097A12B /* FastxtUITests.swift */ = {isa = PBXFileReference; lastKnownFileType = sourcecode.swift; path = FastxtUITests.swift; sourceTree = "<group>"; };
		3CED1410238372870097A12B /* Info.plist */ = {isa = PBXFileReference; lastKnownFileType = text.plist.xml; path = Info.plist; sourceTree = "<group>"; };
		3CEED0A22457D9EF0015A578 /* ServerView.swift */ = {isa = PBXFileReference; lastKnownFileType = sourcecode.swift; path = ServerView.swift; sourceTree = "<group>"; };
		3CEED0A42457DA4D0015A578 /* QRCodeView.swift */ = {isa = PBXFileReference; lastKnownFileType = sourcecode.swift; path = QRCodeView.swift; sourceTree = "<group>"; };
		3CEED0A62457DABD0015A578 /* ClientView.swift */ = {isa = PBXFileReference; lastKnownFileType = sourcecode.swift; path = ClientView.swift; sourceTree = "<group>"; };
		3CEF504324318E0C00D77C63 /* TxtRowView.swift */ = {isa = PBXFileReference; lastKnownFileType = sourcecode.swift; path = TxtRowView.swift; sourceTree = "<group>"; };
/* End PBXFileReference section */

/* Begin PBXFrameworksBuildPhase section */
		3CED13E6238372810097A12B /* Frameworks */ = {
			isa = PBXFrameworksBuildPhase;
			buildActionMask = 2147483647;
			files = (
				3CD80C0023D7B9C2007182F7 /* libfastxt_core.a in Frameworks */,
				3CD80C0123D7B9D0007182F7 /* libresolv.tbd in Frameworks */,
			);
			runOnlyForDeploymentPostprocessing = 0;
		};
		3CED13FC238372870097A12B /* Frameworks */ = {
			isa = PBXFrameworksBuildPhase;
			buildActionMask = 2147483647;
			files = (
			);
			runOnlyForDeploymentPostprocessing = 0;
		};
		3CED1407238372870097A12B /* Frameworks */ = {
			isa = PBXFrameworksBuildPhase;
			buildActionMask = 2147483647;
			files = (
			);
			runOnlyForDeploymentPostprocessing = 0;
		};
/* End PBXFrameworksBuildPhase section */

/* Begin PBXGroup section */
		3C9BD15124513D4700A90283 /* Views */ = {
			isa = PBXGroup;
			children = (
				3CED13F0238372810097A12B /* ContentView.swift */,
				3CB94AFD245258E900273476 /* CreateView.swift */,
				3CEF504324318E0C00D77C63 /* TxtRowView.swift */,
				3CABE32A2443D459004BEB8F /* TxtDetailView.swift */,
				3C9BD15524513F7100A90283 /* SyncView.swift */,
				3CEED0A22457D9EF0015A578 /* ServerView.swift */,
				3CEED0A62457DABD0015A578 /* ClientView.swift */,
				3C9BD15324513ED400A90283 /* CodeScanner.swift */,
				3CEED0A42457DA4D0015A578 /* QRCodeView.swift */,
			);
			path = Views;
			sourceTree = "<group>";
		};
		3C9BD15224513DE900A90283 /* Models */ = {
			isa = PBXGroup;
			children = (
				3C7200B2243AAF93009B3D7D /* AppState.swift */,
			);
			path = Models;
			sourceTree = "<group>";
		};
		3CD80BFD23D7B630007182F7 /* Frameworks */ = {
			isa = PBXGroup;
			children = (
				3CD80BFF23D7B66A007182F7 /* libresolv.tbd */,
				3CD80BFE23D7B630007182F7 /* libfastxt_core.a */,
			);
			name = Frameworks;
			sourceTree = "<group>";
		};
		3CED13E0238372810097A12B = {
			isa = PBXGroup;
			children = (
				3CD80BF823D7B34F007182F7 /* RustFastxt.swift */,
				3CD80BF723D7B308007182F7 /* fastxt-core.h */,
				3CD80BFC23D7B3F8007182F7 /* Fastxt-Bridging-Header.h */,
				3CED13EB238372810097A12B /* Fastxt */,
				3CED1402238372870097A12B /* FastxtTests */,
				3CED140D238372870097A12B /* FastxtUITests */,
				3CED13EA238372810097A12B /* Products */,
				3CD80BFD23D7B630007182F7 /* Frameworks */,
			);
			sourceTree = "<group>";
		};
		3CED13EA238372810097A12B /* Products */ = {
			isa = PBXGroup;
			children = (
				3CED13E9238372810097A12B /* Fastxt.app */,
				3CED13FF238372870097A12B /* FastxtTests.xctest */,
				3CED140A238372870097A12B /* FastxtUITests.xctest */,
			);
			name = Products;
			sourceTree = "<group>";
		};
		3CED13EB238372810097A12B /* Fastxt */ = {
			isa = PBXGroup;
			children = (
				3CED13EC238372810097A12B /* AppDelegate.swift */,
				3CED13EE238372810097A12B /* SceneDelegate.swift */,
				3C9BD15224513DE900A90283 /* Models */,
				3C9BD15124513D4700A90283 /* Views */,
				3CED13F2238372860097A12B /* Assets.xcassets */,
				3CED13F7238372860097A12B /* LaunchScreen.storyboard */,
				3CED13FA238372860097A12B /* Info.plist */,
				3CED13F4238372860097A12B /* Preview Content */,
			);
			path = Fastxt;
			sourceTree = "<group>";
		};
		3CED13F4238372860097A12B /* Preview Content */ = {
			isa = PBXGroup;
			children = (
				3CED13F5238372860097A12B /* Preview Assets.xcassets */,
			);
			path = "Preview Content";
			sourceTree = "<group>";
		};
		3CED1402238372870097A12B /* FastxtTests */ = {
			isa = PBXGroup;
			children = (
				3CED1403238372870097A12B /* FastxtTests.swift */,
				3CED1405238372870097A12B /* Info.plist */,
			);
			path = FastxtTests;
			sourceTree = "<group>";
		};
		3CED140D238372870097A12B /* FastxtUITests */ = {
			isa = PBXGroup;
			children = (
				3CED140E238372870097A12B /* FastxtUITests.swift */,
				3CED1410238372870097A12B /* Info.plist */,
			);
			path = FastxtUITests;
			sourceTree = "<group>";
		};
/* End PBXGroup section */

/* Begin PBXNativeTarget section */
		3CED13E8238372810097A12B /* Fastxt */ = {
			isa = PBXNativeTarget;
			buildConfigurationList = 3CED1413238372870097A12B /* Build configuration list for PBXNativeTarget "Fastxt" */;
			buildPhases = (
				3CED13E5238372810097A12B /* Sources */,
				3CED13E6238372810097A12B /* Frameworks */,
				3CED13E7238372810097A12B /* Resources */,
			);
			buildRules = (
			);
			dependencies = (
			);
			name = Fastxt;
			productName = Fastxt;
			productReference = 3CED13E9238372810097A12B /* Fastxt.app */;
			productType = "com.apple.product-type.application";
		};
		3CED13FE238372870097A12B /* FastxtTests */ = {
			isa = PBXNativeTarget;
			buildConfigurationList = 3CED1416238372870097A12B /* Build configuration list for PBXNativeTarget "FastxtTests" */;
			buildPhases = (
				3CED13FB238372870097A12B /* Sources */,
				3CED13FC238372870097A12B /* Frameworks */,
				3CED13FD238372870097A12B /* Resources */,
			);
			buildRules = (
			);
			dependencies = (
				3CED1401238372870097A12B /* PBXTargetDependency */,
			);
			name = FastxtTests;
			productName = FastxtTests;
			productReference = 3CED13FF238372870097A12B /* FastxtTests.xctest */;
			productType = "com.apple.product-type.bundle.unit-test";
		};
		3CED1409238372870097A12B /* FastxtUITests */ = {
			isa = PBXNativeTarget;
			buildConfigurationList = 3CED1419238372870097A12B /* Build configuration list for PBXNativeTarget "FastxtUITests" */;
			buildPhases = (
				3CED1406238372870097A12B /* Sources */,
				3CED1407238372870097A12B /* Frameworks */,
				3CED1408238372870097A12B /* Resources */,
			);
			buildRules = (
			);
			dependencies = (
				3CED140C238372870097A12B /* PBXTargetDependency */,
			);
			name = FastxtUITests;
			productName = FastxtUITests;
			productReference = 3CED140A238372870097A12B /* FastxtUITests.xctest */;
			productType = "com.apple.product-type.bundle.ui-testing";
		};
/* End PBXNativeTarget section */

/* Begin PBXProject section */
		3CED13E1238372810097A12B /* Project object */ = {
			isa = PBXProject;
			attributes = {
				LastSwiftUpdateCheck = 1120;
				LastUpgradeCheck = 1120;
				ORGANIZATIONNAME = "Yi Wang";
				TargetAttributes = {
					3CED13E8238372810097A12B = {
						CreatedOnToolsVersion = 11.2.1;
					};
					3CED13FE238372870097A12B = {
						CreatedOnToolsVersion = 11.2.1;
						TestTargetID = 3CED13E8238372810097A12B;
					};
					3CED1409238372870097A12B = {
						CreatedOnToolsVersion = 11.2.1;
						TestTargetID = 3CED13E8238372810097A12B;
					};
				};
			};
			buildConfigurationList = 3CED13E4238372810097A12B /* Build configuration list for PBXProject "Fastxt" */;
			compatibilityVersion = "Xcode 9.3";
			developmentRegion = en;
			hasScannedForEncodings = 0;
			knownRegions = (
				en,
				Base,
			);
			mainGroup = 3CED13E0238372810097A12B;
			productRefGroup = 3CED13EA238372810097A12B /* Products */;
			projectDirPath = "";
			projectRoot = "";
			targets = (
				3CED13E8238372810097A12B /* Fastxt */,
				3CED13FE238372870097A12B /* FastxtTests */,
				3CED1409238372870097A12B /* FastxtUITests */,
			);
		};
/* End PBXProject section */

/* Begin PBXResourcesBuildPhase section */
		3CED13E7238372810097A12B /* Resources */ = {
			isa = PBXResourcesBuildPhase;
			buildActionMask = 2147483647;
			files = (
				3CED13F9238372860097A12B /* LaunchScreen.storyboard in Resources */,
				3CED13F6238372860097A12B /* Preview Assets.xcassets in Resources */,
				3CED13F3238372860097A12B /* Assets.xcassets in Resources */,
			);
			runOnlyForDeploymentPostprocessing = 0;
		};
		3CED13FD238372870097A12B /* Resources */ = {
			isa = PBXResourcesBuildPhase;
			buildActionMask = 2147483647;
			files = (
			);
			runOnlyForDeploymentPostprocessing = 0;
		};
		3CED1408238372870097A12B /* Resources */ = {
			isa = PBXResourcesBuildPhase;
			buildActionMask = 2147483647;
			files = (
			);
			runOnlyForDeploymentPostprocessing = 0;
		};
/* End PBXResourcesBuildPhase section */

/* Begin PBXSourcesBuildPhase section */
		3CED13E5238372810097A12B /* Sources */ = {
			isa = PBXSourcesBuildPhase;
			buildActionMask = 2147483647;
			files = (
				3CEED0A52457DA4D0015A578 /* QRCodeView.swift in Sources */,
				3C9BD15624513F7100A90283 /* SyncView.swift in Sources */,
				3CED13ED238372810097A12B /* AppDelegate.swift in Sources */,
				3C9BD15424513ED500A90283 /* CodeScanner.swift in Sources */,
				3CEF504424318E0C00D77C63 /* TxtRowView.swift in Sources */,
				3CEED0A72457DABE0015A578 /* ClientView.swift in Sources */,
				3CEED0A32457D9EF0015A578 /* ServerView.swift in Sources */,
				3CB94AFE245258E900273476 /* CreateView.swift in Sources */,
				3CED13EF238372810097A12B /* SceneDelegate.swift in Sources */,
				3C7200B3243AAF93009B3D7D /* AppState.swift in Sources */,
				3CED13F1238372810097A12B /* ContentView.swift in Sources */,
				3CABE32B2443D459004BEB8F /* TxtDetailView.swift in Sources */,
				3CD80BF923D7B34F007182F7 /* RustFastxt.swift in Sources */,
			);
			runOnlyForDeploymentPostprocessing = 0;
		};
		3CED13FB238372870097A12B /* Sources */ = {
			isa = PBXSourcesBuildPhase;
			buildActionMask = 2147483647;
			files = (
				3CED1404238372870097A12B /* FastxtTests.swift in Sources */,
				3CD80BFA23D7B34F007182F7 /* RustFastxt.swift in Sources */,
			);
			runOnlyForDeploymentPostprocessing = 0;
		};
		3CED1406238372870097A12B /* Sources */ = {
			isa = PBXSourcesBuildPhase;
			buildActionMask = 2147483647;
			files = (
				3CED140F238372870097A12B /* FastxtUITests.swift in Sources */,
				3CD80BFB23D7B34F007182F7 /* RustFastxt.swift in Sources */,
			);
			runOnlyForDeploymentPostprocessing = 0;
		};
/* End PBXSourcesBuildPhase section */

/* Begin PBXTargetDependency section */
		3CED1401238372870097A12B /* PBXTargetDependency */ = {
			isa = PBXTargetDependency;
			target = 3CED13E8238372810097A12B /* Fastxt */;
			targetProxy = 3CED1400238372870097A12B /* PBXContainerItemProxy */;
		};
		3CED140C238372870097A12B /* PBXTargetDependency */ = {
			isa = PBXTargetDependency;
			target = 3CED13E8238372810097A12B /* Fastxt */;
			targetProxy = 3CED140B238372870097A12B /* PBXContainerItemProxy */;
		};
/* End PBXTargetDependency section */

/* Begin PBXVariantGroup section */
		3CED13F7238372860097A12B /* LaunchScreen.storyboard */ = {
			isa = PBXVariantGroup;
			children = (
				3CED13F8238372860097A12B /* Base */,
			);
			name = LaunchScreen.storyboard;
			sourceTree = "<group>";
		};
/* End PBXVariantGroup section */

/* Begin XCBuildConfiguration section */
		3CED1411238372870097A12B /* Debug */ = {
			isa = XCBuildConfiguration;
			buildSettings = {
				ALWAYS_SEARCH_USER_PATHS = NO;
				CLANG_ANALYZER_NONNULL = YES;
				CLANG_ANALYZER_NUMBER_OBJECT_CONVERSION = YES_AGGRESSIVE;
				CLANG_CXX_LANGUAGE_STANDARD = "gnu++14";
				CLANG_CXX_LIBRARY = "libc++";
				CLANG_ENABLE_MODULES = YES;
				CLANG_ENABLE_OBJC_ARC = YES;
				CLANG_ENABLE_OBJC_WEAK = YES;
				CLANG_WARN_BLOCK_CAPTURE_AUTORELEASING = YES;
				CLANG_WARN_BOOL_CONVERSION = YES;
				CLANG_WARN_COMMA = YES;
				CLANG_WARN_CONSTANT_CONVERSION = YES;
				CLANG_WARN_DEPRECATED_OBJC_IMPLEMENTATIONS = YES;
				CLANG_WARN_DIRECT_OBJC_ISA_USAGE = YES_ERROR;
				CLANG_WARN_DOCUMENTATION_COMMENTS = YES;
				CLANG_WARN_EMPTY_BODY = YES;
				CLANG_WARN_ENUM_CONVERSION = YES;
				CLANG_WARN_INFINITE_RECURSION = YES;
				CLANG_WARN_INT_CONVERSION = YES;
				CLANG_WARN_NON_LITERAL_NULL_CONVERSION = YES;
				CLANG_WARN_OBJC_IMPLICIT_RETAIN_SELF = YES;
				CLANG_WARN_OBJC_LITERAL_CONVERSION = YES;
				CLANG_WARN_OBJC_ROOT_CLASS = YES_ERROR;
				CLANG_WARN_RANGE_LOOP_ANALYSIS = YES;
				CLANG_WARN_STRICT_PROTOTYPES = YES;
				CLANG_WARN_SUSPICIOUS_MOVE = YES;
				CLANG_WARN_UNGUARDED_AVAILABILITY = YES_AGGRESSIVE;
				CLANG_WARN_UNREACHABLE_CODE = YES;
				CLANG_WARN__DUPLICATE_METHOD_MATCH = YES;
				COPY_PHASE_STRIP = NO;
				DEBUG_INFORMATION_FORMAT = dwarf;
				ENABLE_BITCODE = NO;
				ENABLE_STRICT_OBJC_MSGSEND = YES;
				ENABLE_TESTABILITY = YES;
				GCC_C_LANGUAGE_STANDARD = gnu11;
				GCC_DYNAMIC_NO_PIC = NO;
				GCC_NO_COMMON_BLOCKS = YES;
				GCC_OPTIMIZATION_LEVEL = 0;
				GCC_PREPROCESSOR_DEFINITIONS = (
					"DEBUG=1",
					"$(inherited)",
				);
				GCC_WARN_64_TO_32_BIT_CONVERSION = YES;
				GCC_WARN_ABOUT_RETURN_TYPE = YES_ERROR;
				GCC_WARN_UNDECLARED_SELECTOR = YES;
				GCC_WARN_UNINITIALIZED_AUTOS = YES_AGGRESSIVE;
				GCC_WARN_UNUSED_FUNCTION = YES;
				GCC_WARN_UNUSED_VARIABLE = YES;
				IPHONEOS_DEPLOYMENT_TARGET = 13.2;
				MTL_ENABLE_DEBUG_INFO = INCLUDE_SOURCE;
				MTL_FAST_MATH = YES;
				ONLY_ACTIVE_ARCH = YES;
				SDKROOT = iphoneos;
				SWIFT_ACTIVE_COMPILATION_CONDITIONS = DEBUG;
				SWIFT_OPTIMIZATION_LEVEL = "-Onone";
			};
			name = Debug;
		};
		3CED1412238372870097A12B /* Release */ = {
			isa = XCBuildConfiguration;
			buildSettings = {
				ALWAYS_SEARCH_USER_PATHS = NO;
				CLANG_ANALYZER_NONNULL = YES;
				CLANG_ANALYZER_NUMBER_OBJECT_CONVERSION = YES_AGGRESSIVE;
				CLANG_CXX_LANGUAGE_STANDARD = "gnu++14";
				CLANG_CXX_LIBRARY = "libc++";
				CLANG_ENABLE_MODULES = YES;
				CLANG_ENABLE_OBJC_ARC = YES;
				CLANG_ENABLE_OBJC_WEAK = YES;
				CLANG_WARN_BLOCK_CAPTURE_AUTORELEASING = YES;
				CLANG_WARN_BOOL_CONVERSION = YES;
				CLANG_WARN_COMMA = YES;
				CLANG_WARN_CONSTANT_CONVERSION = YES;
				CLANG_WARN_DEPRECATED_OBJC_IMPLEMENTATIONS = YES;
				CLANG_WARN_DIRECT_OBJC_ISA_USAGE = YES_ERROR;
				CLANG_WARN_DOCUMENTATION_COMMENTS = YES;
				CLANG_WARN_EMPTY_BODY = YES;
				CLANG_WARN_ENUM_CONVERSION = YES;
				CLANG_WARN_INFINITE_RECURSION = YES;
				CLANG_WARN_INT_CONVERSION = YES;
				CLANG_WARN_NON_LITERAL_NULL_CONVERSION = YES;
				CLANG_WARN_OBJC_IMPLICIT_RETAIN_SELF = YES;
				CLANG_WARN_OBJC_LITERAL_CONVERSION = YES;
				CLANG_WARN_OBJC_ROOT_CLASS = YES_ERROR;
				CLANG_WARN_RANGE_LOOP_ANALYSIS = YES;
				CLANG_WARN_STRICT_PROTOTYPES = YES;
				CLANG_WARN_SUSPICIOUS_MOVE = YES;
				CLANG_WARN_UNGUARDED_AVAILABILITY = YES_AGGRESSIVE;
				CLANG_WARN_UNREACHABLE_CODE = YES;
				CLANG_WARN__DUPLICATE_METHOD_MATCH = YES;
				COPY_PHASE_STRIP = NO;
				DEBUG_INFORMATION_FORMAT = "dwarf-with-dsym";
				ENABLE_BITCODE = NO;
				ENABLE_NS_ASSERTIONS = NO;
				ENABLE_STRICT_OBJC_MSGSEND = YES;
				GCC_C_LANGUAGE_STANDARD = gnu11;
				GCC_NO_COMMON_BLOCKS = YES;
				GCC_WARN_64_TO_32_BIT_CONVERSION = YES;
				GCC_WARN_ABOUT_RETURN_TYPE = YES_ERROR;
				GCC_WARN_UNDECLARED_SELECTOR = YES;
				GCC_WARN_UNINITIALIZED_AUTOS = YES_AGGRESSIVE;
				GCC_WARN_UNUSED_FUNCTION = YES;
				GCC_WARN_UNUSED_VARIABLE = YES;
				IPHONEOS_DEPLOYMENT_TARGET = 13.2;
				MTL_ENABLE_DEBUG_INFO = NO;
				MTL_FAST_MATH = YES;
				SDKROOT = iphoneos;
				SWIFT_COMPILATION_MODE = wholemodule;
				SWIFT_OPTIMIZATION_LEVEL = "-O";
				VALIDATE_PRODUCT = YES;
			};
			name = Release;
		};
		3CED1414238372870097A12B /* Debug */ = {
			isa = XCBuildConfiguration;
			buildSettings = {
				ASSETCATALOG_COMPILER_APPICON_NAME = AppIcon;
				CODE_SIGN_STYLE = Automatic;
				CURRENT_PROJECT_VERSION = 10;
				DEVELOPMENT_ASSET_PATHS = "\"Fastxt/Preview Content\"";
				DEVELOPMENT_TEAM = 38Y7PH227Q;
				ENABLE_PREVIEWS = YES;
				INFOPLIST_FILE = Fastxt/Info.plist;
				LD_RUNPATH_SEARCH_PATHS = (
					"$(inherited)",
					"@executable_path/Frameworks",
				);
				"LIBRARY_SEARCH_PATHS[arch=*]" = "$(PROJECT_DIR)";
				MARKETING_VERSION = 0.1.0;
				PRODUCT_BUNDLE_IDENTIFIER = app.fastxt.ios;
				PRODUCT_NAME = "$(TARGET_NAME)";
				"SWIFT_OBJC_BRIDGING_HEADER[arch=*]" = "$(PROJECT_DIR)/Fastxt-Bridging-Header.h";
				SWIFT_VERSION = 5.0;
				TARGETED_DEVICE_FAMILY = "1,2";
			};
			name = Debug;
		};
		3CED1415238372870097A12B /* Release */ = {
			isa = XCBuildConfiguration;
			buildSettings = {
				ASSETCATALOG_COMPILER_APPICON_NAME = AppIcon;
				CODE_SIGN_STYLE = Automatic;
				CURRENT_PROJECT_VERSION = 10;
				DEVELOPMENT_ASSET_PATHS = "\"Fastxt/Preview Content\"";
				DEVELOPMENT_TEAM = 38Y7PH227Q;
				ENABLE_PREVIEWS = YES;
				INFOPLIST_FILE = Fastxt/Info.plist;
				LD_RUNPATH_SEARCH_PATHS = (
					"$(inherited)",
					"@executable_path/Frameworks",
				);
				"LIBRARY_SEARCH_PATHS[arch=*]" = "$(PROJECT_DIR)";
				MARKETING_VERSION = 0.1.0;
				PRODUCT_BUNDLE_IDENTIFIER = app.fastxt.ios;
				PRODUCT_NAME = "$(TARGET_NAME)";
				"SWIFT_OBJC_BRIDGING_HEADER[arch=*]" = "$(PROJECT_DIR)/Fastxt-Bridging-Header.h";
				SWIFT_VERSION = 5.0;
				TARGETED_DEVICE_FAMILY = "1,2";
			};
			name = Release;
		};
		3CED1417238372870097A12B /* Debug */ = {
			isa = XCBuildConfiguration;
			buildSettings = {
				ALWAYS_EMBED_SWIFT_STANDARD_LIBRARIES = YES;
				BUNDLE_LOADER = "$(TEST_HOST)";
				CODE_SIGN_STYLE = Automatic;
				DEVELOPMENT_TEAM = 38Y7PH227Q;
				INFOPLIST_FILE = FastxtTests/Info.plist;
				IPHONEOS_DEPLOYMENT_TARGET = 13.2;
				LD_RUNPATH_SEARCH_PATHS = (
					"$(inherited)",
					"@executable_path/Frameworks",
					"@loader_path/Frameworks",
				);
				PRODUCT_BUNDLE_IDENTIFIER = app.fastxt.FastxtTests;
				PRODUCT_NAME = "$(TARGET_NAME)";
				SWIFT_VERSION = 5.0;
				TARGETED_DEVICE_FAMILY = "1,2";
				TEST_HOST = "$(BUILT_PRODUCTS_DIR)/Fastxt.app/Fastxt";
			};
			name = Debug;
		};
		3CED1418238372870097A12B /* Release */ = {
			isa = XCBuildConfiguration;
			buildSettings = {
				ALWAYS_EMBED_SWIFT_STANDARD_LIBRARIES = YES;
				BUNDLE_LOADER = "$(TEST_HOST)";
				CODE_SIGN_STYLE = Automatic;
				DEVELOPMENT_TEAM = 38Y7PH227Q;
				INFOPLIST_FILE = FastxtTests/Info.plist;
				IPHONEOS_DEPLOYMENT_TARGET = 13.2;
				LD_RUNPATH_SEARCH_PATHS = (
					"$(inherited)",
					"@executable_path/Frameworks",
					"@loader_path/Frameworks",
				);
				PRODUCT_BUNDLE_IDENTIFIER = app.fastxt.FastxtTests;
				PRODUCT_NAME = "$(TARGET_NAME)";
				SWIFT_VERSION = 5.0;
				TARGETED_DEVICE_FAMILY = "1,2";
				TEST_HOST = "$(BUILT_PRODUCTS_DIR)/Fastxt.app/Fastxt";
			};
			name = Release;
		};
		3CED141A238372870097A12B /* Debug */ = {
			isa = XCBuildConfiguration;
			buildSettings = {
				ALWAYS_EMBED_SWIFT_STANDARD_LIBRARIES = YES;
				CODE_SIGN_STYLE = Automatic;
				DEVELOPMENT_TEAM = 38Y7PH227Q;
				INFOPLIST_FILE = FastxtUITests/Info.plist;
				LD_RUNPATH_SEARCH_PATHS = (
					"$(inherited)",
					"@executable_path/Frameworks",
					"@loader_path/Frameworks",
				);
				PRODUCT_BUNDLE_IDENTIFIER = app.fastxt.FastxtUITests;
				PRODUCT_NAME = "$(TARGET_NAME)";
				SWIFT_VERSION = 5.0;
				TARGETED_DEVICE_FAMILY = "1,2";
				TEST_TARGET_NAME = Fastxt;
			};
			name = Debug;
		};
		3CED141B238372870097A12B /* Release */ = {
			isa = XCBuildConfiguration;
			buildSettings = {
				ALWAYS_EMBED_SWIFT_STANDARD_LIBRARIES = YES;
				CODE_SIGN_STYLE = Automatic;
				DEVELOPMENT_TEAM = 38Y7PH227Q;
				INFOPLIST_FILE = FastxtUITests/Info.plist;
				LD_RUNPATH_SEARCH_PATHS = (
					"$(inherited)",
					"@executable_path/Frameworks",
					"@loader_path/Frameworks",
				);
				PRODUCT_BUNDLE_IDENTIFIER = app.fastxt.FastxtUITests;
				PRODUCT_NAME = "$(TARGET_NAME)";
				SWIFT_VERSION = 5.0;
				TARGETED_DEVICE_FAMILY = "1,2";
				TEST_TARGET_NAME = Fastxt;
			};
			name = Release;
		};
/* End XCBuildConfiguration section */

/* Begin XCConfigurationList section */
		3CED13E4238372810097A12B /* Build configuration list for PBXProject "Fastxt" */ = {
			isa = XCConfigurationList;
			buildConfigurations = (
				3CED1411238372870097A12B /* Debug */,
				3CED1412238372870097A12B /* Release */,
			);
			defaultConfigurationIsVisible = 0;
			defaultConfigurationName = Release;
		};
		3CED1413238372870097A12B /* Build configuration list for PBXNativeTarget "Fastxt" */ = {
			isa = XCConfigurationList;
			buildConfigurations = (
				3CED1414238372870097A12B /* Debug */,
				3CED1415238372870097A12B /* Release */,
			);
			defaultConfigurationIsVisible = 0;
			defaultConfigurationName = Release;
		};
		3CED1416238372870097A12B /* Build configuration list for PBXNativeTarget "FastxtTests" */ = {
			isa = XCConfigurationList;
			buildConfigurations = (
				3CED1417238372870097A12B /* Debug */,
				3CED1418238372870097A12B /* Release */,
			);
			defaultConfigurationIsVisible = 0;
			defaultConfigurationName = Release;
		};
		3CED1419238372870097A12B /* Build configuration list for PBXNativeTarget "FastxtUITests" */ = {
			isa = XCConfigurationList;
			buildConfigurations = (
				3CED141A238372870097A12B /* Debug */,
				3CED141B238372870097A12B /* Release */,
			);
			defaultConfigurationIsVisible = 0;
			defaultConfigurationName = Release;
		};
/* End XCConfigurationList section */
	};
	rootObject = 3CED13E1238372810097A12B /* Project object */;
}
